// !$*UTF8*$!
{
	archiveVersion = 1;
	classes = {
	};
	objectVersion = 46;
	objects = {

/* Begin PBXBuildFile section */
		F3AAE1CF301BCDD000D1A624 /* pyrowave_metal.h in Headers */ = {isa = PBXBuildFile; fileRef = F3AAE1CE301BCDD000D1A624 /* pyrowave_metal.h */; settings = {ATTRIBUTES = (Public, ); }; };
		F3AAE1D2301BCE1400D1A624 /* pyrowave_common.mm in Sources */ = {isa = PBXBuildFile; fileRef = F3AAE1D1301BCE1400D1A624 /* pyrowave_common.mm */; };
		F3AAE1D3301BCE1400D1A624 /* pyrowave_common.hpp in Headers */ = {isa = PBXBuildFile; fileRef = F3AAE1D0301BCE1400D1A624 /* pyrowave_common.hpp */; };
		F3AAE1D6301BCE3100D1A624 /* pyrowave_encoder.mm in Sources */ = {isa = PBXBuildFile; fileRef = F3AAE1D5301BCE3100D1A624 /* pyrowave_encoder.mm */; };
		F3AAE1D7301BCE3100D1A624 /* pyrowave_decoder.mm in Sources */ = {isa = PBXBuildFile; fileRef = F3AAE1D4301BCE3100D1A624 /* pyrowave_decoder.mm */; };
		F3AAE1D9301BD0CB00D1A624 /* IOSurface.framework in Frameworks */ = {isa = PBXBuildFile; fileRef = F3AAE1D8301BD0CB00D1A624 /* IOSurface.framework */; };
		F3AAE1DC301BD0ED00D1A624 /* pyrowave_bitstream.cpp in Sources */ = {isa = PBXBuildFile; fileRef = F3AAE1DB301BD0ED00D1A624 /* pyrowave_bitstream.cpp */; };
		F3AAE1DD301BD0ED00D1A624 /* pyrowave_bitstream.hpp in Headers */ = {isa = PBXBuildFile; fileRef = F3AAE1DA301BD0ED00D1A624 /* pyrowave_bitstream.hpp */; };
		F3AAE1DF301BD11600D1A624 /* Metal.framework in Frameworks */ = {isa = PBXBuildFile; fileRef = F3AAE1DE301BD11600D1A624 /* Metal.framework */; };
		F3AAE1E2301BD62C00D1A624 /* LICENSE in Resources */ = {isa = PBXBuildFile; fileRef = F3AAE1E0301BD62C00D1A624 /* LICENSE */; };
		F3AAE1E3301BD62C00D1A624 /* README.md in Resources */ = {isa = PBXBuildFile; fileRef = F3AAE1E1301BD62C00D1A624 /* README.md */; };
/* End PBXBuildFile section */

/* Begin PBXFileReference section */
		BE1FA72E07AF4C45004B6283 /* pyrowave.framework */ = {isa = PBXFileReference; explicitFileType = wrapper.framework; includeInIndex = 0; path = pyrowave.framework; sourceTree = BUILT_PRODUCTS_DIR; };
		F3AAE1CE301BCDD000D1A624 /* pyrowave_metal.h */ = {isa = PBXFileReference; lastKnownFileType = sourcecode.c.h; path = pyrowave_metal.h; sourceTree = SOURCE_ROOT; };
		F3AAE1D0301BCE1400D1A624 /* pyrowave_common.hpp */ = {isa = PBXFileReference; lastKnownFileType = sourcecode.cpp.h; path = pyrowave_common.hpp; sourceTree = SOURCE_ROOT; };
		F3AAE1D1301BCE1400D1A624 /* pyrowave_common.mm */ = {isa = PBXFileReference; lastKnownFileType = sourcecode.cpp.objcpp; path = pyrowave_common.mm; sourceTree = SOURCE_ROOT; };
		F3AAE1D4301BCE3100D1A624 /* pyrowave_decoder.mm */ = {isa = PBXFileReference; lastKnownFileType = sourcecode.cpp.objcpp; path = pyrowave_decoder.mm; sourceTree = SOURCE_ROOT; };
		F3AAE1D5301BCE3100D1A624 /* pyrowave_encoder.mm */ = {isa = PBXFileReference; lastKnownFileType = sourcecode.cpp.objcpp; path = pyrowave_encoder.mm; sourceTree = SOURCE_ROOT; };
		F3AAE1D8301BD0CB00D1A624 /* IOSurface.framework */ = {isa = PBXFileReference; lastKnownFileType = wrapper.framework; name = IOSurface.framework; path = System/Library/Frameworks/IOSurface.framework; sourceTree = SDKROOT; };
		F3AAE1DA301BD0ED00D1A624 /* pyrowave_bitstream.hpp */ = {isa = PBXFileReference; lastKnownFileType = sourcecode.cpp.h; path = pyrowave_bitstream.hpp; sourceTree = SOURCE_ROOT; };
		F3AAE1DB301BD0ED00D1A624 /* pyrowave_bitstream.cpp */ = {isa = PBXFileReference; lastKnownFileType = sourcecode.cpp.cpp; path = pyrowave_bitstream.cpp; sourceTree = SOURCE_ROOT; };
		F3AAE1DE301BD11600D1A624 /* Metal.framework */ = {isa = PBXFileReference; lastKnownFileType = wrapper.framework; name = Metal.framework; path = System/Library/Frameworks/Metal.framework; sourceTree = SDKROOT; };
		F3AAE1E0301BD62C00D1A624 /* LICENSE */ = {isa = PBXFileReference; lastKnownFileType = text; name = LICENSE; path = ../LICENSE; sourceTree = SOURCE_ROOT; };
		F3AAE1E1301BD62C00D1A624 /* README.md */ = {isa = PBXFileReference; lastKnownFileType = net.daringfireball.markdown; name = README.md; path = ../README.md; sourceTree = SOURCE_ROOT; };
/* End PBXFileReference section */

/* Begin PBXFrameworksBuildPhase section */
		BE1FA72A07AF4C44004B6283 /* Frameworks */ = {
			isa = PBXFrameworksBuildPhase;
			buildActionMask = 2147483647;
			files = (
				F3AAE1DF301BD11600D1A624 /* Metal.framework in Frameworks */,
				F3AAE1D9301BD0CB00D1A624 /* IOSurface.framework in Frameworks */,
			);
			runOnlyForDeploymentPostprocessing = 0;
		};
/* End PBXFrameworksBuildPhase section */

/* Begin PBXGroup section */
		0153844A006D81B07F000001 /* Public Headers */ = {
			isa = PBXGroup;
			children = (
				F3AAE1CE301BCDD000D1A624 /* pyrowave_metal.h */,
			);
			name = "Public Headers";
			sourceTree = "<group>";
		};
		034768DDFF38A45A11DB9C8B /* Products */ = {
			isa = PBXGroup;
			children = (
				BE1FA72E07AF4C45004B6283 /* pyrowave.framework */,
			);
			name = Products;
			sourceTree = "<group>";
		};
		0867D691FE84028FC02AAC07 /* SDL_imageFramework */ = {
			isa = PBXGroup;
			children = (
				F3AAE1E0301BD62C00D1A624 /* LICENSE */,
				F3AAE1E1301BD62C00D1A624 /* README.md */,
				0153844A006D81B07F000001 /* Public Headers */,
				08FB77ACFE841707C02AAC07 /* Library Source */,
				BE1FA76107AF72F5004B6283 /* Frameworks */,
				034768DDFF38A45A11DB9C8B /* Products */,
			);
			name = SDL_imageFramework;
			sourceTree = "<group>";
		};
		08FB77ACFE841707C02AAC07 /* Library Source */ = {
			isa = PBXGroup;
			children = (
				F3AAE1DA301BD0ED00D1A624 /* pyrowave_bitstream.hpp */,
				F3AAE1DB301BD0ED00D1A624 /* pyrowave_bitstream.cpp */,
				F3AAE1D0301BCE1400D1A624 /* pyrowave_common.hpp */,
				F3AAE1D1301BCE1400D1A624 /* pyrowave_common.mm */,
				F3AAE1D4301BCE3100D1A624 /* pyrowave_decoder.mm */,
				F3AAE1D5301BCE3100D1A624 /* pyrowave_encoder.mm */,
			);
			name = "Library Source";
			sourceTree = "<group>";
		};
		BE1FA76107AF72F5004B6283 /* Frameworks */ = {
			isa = PBXGroup;
			children = (
				F3AAE1DE301BD11600D1A624 /* Metal.framework */,
				F3AAE1D8301BD0CB00D1A624 /* IOSurface.framework */,
			);
			name = Frameworks;
			sourceTree = "<group>";
		};
/* End PBXGroup section */

/* Begin PBXHeadersBuildPhase section */
		BE1FA71907AF4C44004B6283 /* Headers */ = {
			isa = PBXHeadersBuildPhase;
			buildActionMask = 2147483647;
			files = (
				F3AAE1D3301BCE1400D1A624 /* pyrowave_common.hpp in Headers */,
				F3AAE1CF301BCDD000D1A624 /* pyrowave_metal.h in Headers */,
				F3AAE1DD301BD0ED00D1A624 /* pyrowave_bitstream.hpp in Headers */,
			);
			runOnlyForDeploymentPostprocessing = 0;
		};
/* End PBXHeadersBuildPhase section */

/* Begin PBXNativeTarget section */
		BE1FA71807AF4C44004B6283 /* pyrowave */ = {
			isa = PBXNativeTarget;
			buildConfigurationList = 00B7E3AA097EB73D00826121 /* Build configuration list for PBXNativeTarget "pyrowave" */;
			buildPhases = (
				BE1FA71907AF4C44004B6283 /* Headers */,
				BE1FA71B07AF4C44004B6283 /* Resources */,
				BE1FA71C07AF4C44004B6283 /* Sources */,
				BE1FA72A07AF4C44004B6283 /* Frameworks */,
				BE1FA72B07AF4C44004B6283 /* Rez */,
			);
			buildRules = (
			);
			comments = "Installed into ~/Library/Frameworks/SDL_image.framework\n\nAdd -framework SDL_image to your linker flags\nAdd ~/Library/Frameworks/SDL_image.framework/Headers to your header search path\nAdd ~/Library/Frameworks to your library search path";
			dependencies = (
			);
			name = pyrowave;
			productInstallPath = "@executable_path/../Frameworks";
			productName = SDL_image;
			productReference = BE1FA72E07AF4C45004B6283 /* pyrowave.framework */;
			productType = "com.apple.product-type.framework";
		};
/* End PBXNativeTarget section */

/* Begin PBXProject section */
		0867D690FE84028FC02AAC07 /* Project object */ = {
			isa = PBXProject;
			attributes = {
				LastUpgradeCheck = 0630;
			};
			buildConfigurationList = 00B7E3B6097EB73D00826121 /* Build configuration list for PBXProject "pyrowave" */;
			compatibilityVersion = "Xcode 3.2";
			developmentRegion = English;
			hasScannedForEncodings = 1;
			knownRegions = (
				English,
				Japanese,
				French,
				German,
			);
			mainGroup = 0867D691FE84028FC02AAC07 /* SDL_imageFramework */;
			productRefGroup = 034768DDFF38A45A11DB9C8B /* Products */;
			projectDirPath = "";
			projectRoot = ..;
			targets = (
				BE1FA71807AF4C44004B6283 /* pyrowave */,
			);
		};
/* End PBXProject section */

/* Begin PBXResourcesBuildPhase section */
		BE1FA71B07AF4C44004B6283 /* Resources */ = {
			isa = PBXResourcesBuildPhase;
			buildActionMask = 2147483647;
			files = (
				F3AAE1E2301BD62C00D1A624 /* LICENSE in Resources */,
				F3AAE1E3301BD62C00D1A624 /* README.md in Resources */,
			);
			runOnlyForDeploymentPostprocessing = 0;
		};
/* End PBXResourcesBuildPhase section */

/* Begin PBXRezBuildPhase section */
		BE1FA72B07AF4C44004B6283 /* Rez */ = {
			isa = PBXRezBuildPhase;
			buildActionMask = 2147483647;
			files = (
			);
			runOnlyForDeploymentPostprocessing = 0;
		};
/* End PBXRezBuildPhase section */

/* Begin PBXSourcesBuildPhase section */
		BE1FA71C07AF4C44004B6283 /* Sources */ = {
			isa = PBXSourcesBuildPhase;
			buildActionMask = 2147483647;
			files = (
				F3AAE1D6301BCE3100D1A624 /* pyrowave_encoder.mm in Sources */,
				F3AAE1D7301BCE3100D1A624 /* pyrowave_decoder.mm in Sources */,
				F3AAE1DC301BD0ED00D1A624 /* pyrowave_bitstream.cpp in Sources */,
				F3AAE1D2301BCE1400D1A624 /* pyrowave_common.mm in Sources */,
			);
			runOnlyForDeploymentPostprocessing = 0;
		};
/* End PBXSourcesBuildPhase section */

/* Begin XCBuildConfiguration section */
		007288110F0DA5BA00C302A9 /* Debug */ = {
			isa = XCBuildConfiguration;
			buildSettings = {
				ALLOW_TARGET_PLATFORM_SPECIALIZATION = YES;
				CLANG_ENABLE_OBJC_ARC = YES;
				CLANG_WARN_UNGUARDED_AVAILABILITY = NO;
				COPY_PHASE_STRIP = NO;
				DEBUG_INFORMATION_FORMAT = dwarf;
				DYLIB_COMPATIBILITY_VERSION = 401.0.0;
				DYLIB_CURRENT_VERSION = 401.0.0;
				DYLIB_INSTALL_NAME_BASE = "@rpath";
				ENABLE_TESTABILITY = YES;
				EXPORTED_SYMBOLS_FILE = "$(SRCROOT)/pyrowave.exports";
				GCC_OPTIMIZATION_LEVEL = 0;
				GCC_PREPROCESSOR_DEFINITIONS = "PYROWAVE_EXPORT_SYMBOLS=1";
				GCC_SYMBOLS_PRIVATE_EXTERN = YES;
				GENERATE_INFOPLIST_FILE = YES;
				IPHONEOS_DEPLOYMENT_TARGET = 15.0;
				LD_RUNPATH_SEARCH_PATHS = "$(inherited) @executable_path/Frameworks @loader_path/Frameworks";
				"LD_RUNPATH_SEARCH_PATHS[sdk=macosx*]" = "@executable_path/../Frameworks @loader_path/Frameworks";
				MACOSX_DEPLOYMENT_TARGET = 12.0;
				MARKETING_VERSION = 0.4.0;
				ONLY_ACTIVE_ARCH = YES;
				PRODUCT_BUNDLE_IDENTIFIER = net.themaister.pyrowave;
				PRODUCT_NAME = pyrowave;
				SUPPORTED_PLATFORMS = "xrsimulator xros macosx iphonesimulator iphoneos appletvsimulator appletvos";
				SUPPORTS_MACCATALYST = YES;
				TVOS_DEPLOYMENT_TARGET = 15.0;
				XROS_DEPLOYMENT_TARGET = 26.6;
			};
			name = Debug;
		};
		007288120F0DA5BA00C302A9 /* Debug */ = {
			isa = XCBuildConfiguration;
			buildSettings = {
			};
			name = Debug;
		};
		007288150F0DA5C400C302A9 /* Release */ = {
			isa = XCBuildConfiguration;
			buildSettings = {
				ALLOW_TARGET_PLATFORM_SPECIALIZATION = YES;
				CLANG_ENABLE_OBJC_ARC = YES;
				CLANG_WARN_UNGUARDED_AVAILABILITY = NO;
				DEBUG_INFORMATION_FORMAT = "dwarf-with-dsym";
				DEPLOYMENT_POSTPROCESSING = YES;
				DYLIB_COMPATIBILITY_VERSION = 401.0.0;
				DYLIB_CURRENT_VERSION = 401.0.0;
				DYLIB_INSTALL_NAME_BASE = "@rpath";
				EXPORTED_SYMBOLS_FILE = "$(SRCROOT)/pyrowave.exports";
				GCC_GENERATE_DEBUGGING_SYMBOLS = NO;
				GCC_PREPROCESSOR_DEFINITIONS = "PYROWAVE_EXPORT_SYMBOLS=1";
				GCC_SYMBOLS_PRIVATE_EXTERN = YES;
				GENERATE_INFOPLIST_FILE = YES;
				IPHONEOS_DEPLOYMENT_TARGET = 15.0;
				LD_RUNPATH_SEARCH_PATHS = "$(inherited) @executable_path/Frameworks @loader_path/Frameworks";
				"LD_RUNPATH_SEARCH_PATHS[sdk=macosx*]" = "@executable_path/../Frameworks @loader_path/Frameworks";
				MACOSX_DEPLOYMENT_TARGET = 12.0;
				MARKETING_VERSION = 0.4.0;
				PRODUCT_BUNDLE_IDENTIFIER = net.themaister.pyrowave;
				PRODUCT_NAME = pyrowave;
				SUPPORTED_PLATFORMS = "xrsimulator xros macosx iphonesimulator iphoneos appletvsimulator appletvos";
				SUPPORTS_MACCATALYST = YES;
				TVOS_DEPLOYMENT_TARGET = 15.0;
				XROS_DEPLOYMENT_TARGET = 26.6;
			};
			name = Release;
		};
		007288160F0DA5C400C302A9 /* Release */ = {
			isa = XCBuildConfiguration;
			buildSettings = {
			};
			name = Release;
		};
/* End XCBuildConfiguration section */

/* Begin XCConfigurationList section */
		00B7E3AA097EB73D00826121 /* Build configuration list for PBXNativeTarget "pyrowave" */ = {
			isa = XCConfigurationList;
			buildConfigurations = (
				007288160F0DA5C400C302A9 /* Release */,
				007288120F0DA5BA00C302A9 /* Debug */,
			);
			defaultConfigurationIsVisible = 0;
			defaultConfigurationName = Release;
		};
		00B7E3B6097EB73D00826121 /* Build configuration list for PBXProject "pyrowave" */ = {
			isa = XCConfigurationList;
			buildConfigurations = (
				007288150F0DA5C400C302A9 /* Release */,
				007288110F0DA5BA00C302A9 /* Debug */,
			);
			defaultConfigurationIsVisible = 0;
			defaultConfigurationName = Release;
		};
/* End XCConfigurationList section */
	};
	rootObject = 0867D690FE84028FC02AAC07 /* Project object */;
}
